
Microsoft Visual Studio Solution File, Format Version 12.00
Project("{FAE04EC0-301F-11D3-BF4B-00C04F79EFBC}") = "AspNetCoreCleanArchitecture.Domain", "src\AspNetCoreCleanArchitecture.Domain\AspNetCoreCleanArchitecture.Domain.csproj", "{F2AA7A2D-7DCD-440C-BA29-F9E4895F41DD}"
EndProject
Project("{FAE04EC0-301F-11D3-BF4B-00C04F79EFBC}") = "AspNetCoreCleanArchitecture.Api", "src\AspNetCoreCleanArchitecture.Api\AspNetCoreCleanArchitecture.Api.csproj", "{387E6265-F006-418E-9E4E-1ACA9A20CA5A}"
EndProject
Project("{FAE04EC0-301F-11D3-BF4B-00C04F79EFBC}") = "AspNetCoreCleanArchitecture.Application", "src\AspNetCoreCleanArchitecture.Application\AspNetCoreCleanArchitecture.Application.csproj", "{9424D36E-8D20-401B-B4DF-588518849020}"
EndProject
Project("{FAE04EC0-301F-11D3-BF4B-00C04F79EFBC}") = "AspNetCoreCleanArchitecture.Infrastructure", "src\AspNetCoreCleanArchitecture.Infrastructure\AspNetCoreCleanArchitecture.Infrastructure.csproj", "{70B582A6-20E5-469C-A977-5996CE2EEEE5}"
EndProject
Project("{FAE04EC0-301F-11D3-BF4B-00C04F79EFBC}") = "AspNetCoreCleanArchitecture.Contracts", "src\AspNetCoreCleanArchitecture.Contracts\AspNetCoreCleanArchitecture.Contracts.csproj", "{91632D57-92E4-44D5-8ED6-6D6C0C222F6C}"
EndProject
Global
	GlobalSection(SolutionConfigurationPlatforms) = preSolution
		Debug|Any CPU = Debug|Any CPU
		Release|Any CPU = Release|Any CPU
	EndGlobalSection
	GlobalSection(ProjectConfigurationPlatforms) = postSolution
		{F2AA7A2D-7DCD-440C-BA29-F9E4895F41DD}.Debug|Any CPU.ActiveCfg = Debug|Any CPU
		{F2AA7A2D-7DCD-440C-BA29-F9E4895F41DD}.Debug|Any CPU.Build.0 = Debug|Any CPU
		{F2AA7A2D-7DCD-440C-BA29-F9E4895F41DD}.Release|Any CPU.ActiveCfg = Release|Any CPU
		{F2AA7A2D-7DCD-440C-BA29-F9E4895F41DD}.Release|Any CPU.Build.0 = Release|Any CPU
		{387E6265-F006-418E-9E4E-1ACA9A20CA5A}.Debug|Any CPU.ActiveCfg = Debug|Any CPU
		{387E6265-F006-418E-9E4E-1ACA9A20CA5A}.Debug|Any CPU.Build.0 = Debug|Any CPU
		{387E6265-F006-418E-9E4E-1ACA9A20CA5A}.Release|Any CPU.ActiveCfg = Release|Any CPU
		{387E6265-F006-418E-9E4E-1ACA9A20CA5A}.Release|Any CPU.Build.0 = Release|Any CPU
		{9424D36E-8D20-401B-B4DF-588518849020}.Debug|Any CPU.ActiveCfg = Debug|Any CPU
		{9424D36E-8D20-401B-B4DF-588518849020}.Debug|Any CPU.Build.0 = Debug|Any CPU
		{9424D36E-8D20-401B-B4DF-588518849020}.Release|Any CPU.ActiveCfg = Release|Any CPU
		{9424D36E-8D20-401B-B4DF-588518849020}.Release|Any CPU.Build.0 = Release|Any CPU
		{70B582A6-20E5-469C-A977-5996CE2EEEE5}.Debug|Any CPU.ActiveCfg = Debug|Any CPU
		{70B582A6-20E5-469C-A977-5996CE2EEEE5}.Debug|Any CPU.Build.0 = Debug|Any CPU
		{70B582A6-20E5-469C-A977-5996CE2EEEE5}.Release|Any CPU.ActiveCfg = Release|Any CPU
		{70B582A6-20E5-469C-A977-5996CE2EEEE5}.Release|Any CPU.Build.0 = Release|Any CPU
		{91632D57-92E4-44D5-8ED6-6D6C0C222F6C}.Debug|Any CPU.ActiveCfg = Debug|Any CPU
		{91632D57-92E4-44D5-8ED6-6D6C0C222F6C}.Debug|Any CPU.Build.0 = Debug|Any CPU
		{91632D57-92E4-44D5-8ED6-6D6C0C222F6C}.Release|Any CPU.ActiveCfg = Release|Any CPU
		{91632D57-92E4-44D5-8ED6-6D6C0C222F6C}.Release|Any CPU.Build.0 = Release|Any CPU
	EndGlobalSection
EndGlobal
